# Generated by pub
# See https://www.dartlang.org/tools/pub/glossary#lockfile
packages:
  args:
    dependency: "direct main"
    description:
      name: args
      url: "https://pub.dartlang.org"
    source: hosted
    version: "1.5.0"
  charcode:
    dependency: "direct main"
    description:
      name: charcode
      url: "https://pub.dartlang.org"
    source: hosted
    version: "1.1.2"
  mar:
    dependency: "direct main"
    description:
      path: "..\\mar"
      relative: true
    source: path
    version: "0.0.0"
  meta:
    dependency: transitive
    description:
      name: meta
      url: "https://pub.dartlang.org"
    source: hosted
    version: "1.1.6"
sdks:
  dart: ">=2.0.0 <3.0.0"
